
Microsoft Visual Studio Solution File, Format Version 12.00
# Visual Studio Version 16
VisualStudioVersion = 16.0.30204.135
MinimumVisualStudioVersion = 10.0.40219.1
Project("{FAE04EC0-301F-11D3-BF4B-00C04F79EFBC}") = "npflib", "npflib.csproj", "{BFBB0903-D8E6-4AD4-ADE7-11C9833A5C2B}"
EndProject
Global
	GlobalSection(SolutionConfigurationPlatforms) = preSolution
		Debug|Any CPU = Debug|Any CPU
		Release|Any CPU = Release|Any CPU
	EndGlobalSection
	GlobalSection(ProjectConfigurationPlatforms) = postSolution
		{BFBB0903-D8E6-4AD4-ADE7-11C9833A5C2B}.Debug|Any CPU.ActiveCfg = Debug|Any CPU
		{BFBB0903-D8E6-4AD4-ADE7-11C9833A5C2B}.Debug|Any CPU.Build.0 = Debug|Any CPU
		{BFBB0903-D8E6-4AD4-ADE7-11C9833A5C2B}.Release|Any CPU.ActiveCfg = Release|Any CPU
		{BFBB0903-D8E6-4AD4-ADE7-11C9833A5C2B}.Release|Any CPU.Build.0 = Release|Any CPU
	EndGlobalSection
	GlobalSection(SolutionProperties) = preSolution
		HideSolutionNode = FALSE
	EndGlobalSection
	GlobalSection(ExtensibilityGlobals) = postSolution
		SolutionGuid = {940318A5-BE9D-49DA-AE46-EC21937F33BA}
	EndGlobalSection
EndGlobal
